// !$*UTF8*$!
{
	archiveVersion = 1;
	classes = {
	};
	objectVersion = 52;
	objects = {

/* Begin PBXBuildFile section */
		B1228913243630A300FACD69 /* AppDelegate.swift in Sources */ = {isa = PBXBuildFile; fileRef = B1228912243630A300FACD69 /* AppDelegate.swift */; };
		B1228915243630A300FACD69 /* Assets.xcassets in Resources */ = {isa = PBXBuildFile; fileRef = B1228914243630A300FACD69 /* Assets.xcassets */; };
		B1228918243630A300FACD69 /* MainMenu.xib in Resources */ = {isa = PBXBuildFile; fileRef = B1228916243630A300FACD69 /* MainMenu.xib */; };
		B12289242436343100FACD69 /* Pingu.swift in Sources */ = {isa = PBXBuildFile; fileRef = B12289232436343100FACD69 /* Pingu.swift */; };
		B12289272436377100FACD69 /* PingService.swift in Sources */ = {isa = PBXBuildFile; fileRef = B12289262436377100FACD69 /* PingService.swift */; };
		B122892F2436421200FACD69 /* EventMonitor.swift in Sources */ = {isa = PBXBuildFile; fileRef = B122892E2436421200FACD69 /* EventMonitor.swift */; };
		B13AF1F824364BDD0054E1E5 /* PreferencesViewController.swift in Sources */ = {isa = PBXBuildFile; fileRef = B13AF1F724364BDD0054E1E5 /* PreferencesViewController.swift */; };
		B13AF1FA24364BEF0054E1E5 /* PreferencesViewController.xib in Resources */ = {isa = PBXBuildFile; fileRef = B13AF1F924364BEF0054E1E5 /* PreferencesViewController.xib */; };
		B13AF1FD24365C350054E1E5 /* UserDefaults+Extensions.swift in Sources */ = {isa = PBXBuildFile; fileRef = B13AF1FC24365C350054E1E5 /* UserDefaults+Extensions.swift */; };
		B1477DF72438A935005BC84B /* Rescale.swift in Sources */ = {isa = PBXBuildFile; fileRef = B1477DF62438A935005BC84B /* Rescale.swift */; };
		B1477DFB2438C0D5005BC84B /* HostMenuItemView.swift in Sources */ = {isa = PBXBuildFile; fileRef = B1477DFA2438C0D5005BC84B /* HostMenuItemView.swift */; };
		B1477DFD2438C0E2005BC84B /* HostMenuItemView.xib in Resources */ = {isa = PBXBuildFile; fileRef = B1477DFC2438C0E2005BC84B /* HostMenuItemView.xib */; };
		B15C172D2437639000F08119 /* HostMenuItem.swift in Sources */ = {isa = PBXBuildFile; fileRef = B15C172C2437639000F08119 /* HostMenuItem.swift */; };
		B15C172F24377B2000F08119 /* ChartView.swift in Sources */ = {isa = PBXBuildFile; fileRef = B15C172E24377B2000F08119 /* ChartView.swift */; };
		B15C1732243784AF00F08119 /* SnapKit in Frameworks */ = {isa = PBXBuildFile; productRef = B15C1731243784AF00F08119 /* SnapKit */; };
		B15C173424379C0000F08119 /* ChartBarView.swift in Sources */ = {isa = PBXBuildFile; fileRef = B15C173324379C0000F08119 /* ChartBarView.swift */; };
		B175895B243668ED0050C05E /* PingInterval.swift in Sources */ = {isa = PBXBuildFile; fileRef = B175895A243668ED0050C05E /* PingInterval.swift */; };
		B175896024374BA30050C05E /* Host.swift in Sources */ = {isa = PBXBuildFile; fileRef = B175895F24374BA30050C05E /* Host.swift */; };
		B1758962243750940050C05E /* SavedHosts.swift in Sources */ = {isa = PBXBuildFile; fileRef = B1758961243750940050C05E /* SavedHosts.swift */; };
/* End PBXBuildFile section */

/* Begin PBXFileReference section */
		B122890F243630A300FACD69 /* Pingu.app */ = {isa = PBXFileReference; explicitFileType = wrapper.application; includeInIndex = 0; path = Pingu.app; sourceTree = BUILT_PRODUCTS_DIR; };
		B1228912243630A300FACD69 /* AppDelegate.swift */ = {isa = PBXFileReference; lastKnownFileType = sourcecode.swift; path = AppDelegate.swift; sourceTree = "<group>"; };
		B1228914243630A300FACD69 /* Assets.xcassets */ = {isa = PBXFileReference; lastKnownFileType = folder.assetcatalog; path = Assets.xcassets; sourceTree = "<group>"; };
		B1228917243630A300FACD69 /* Base */ = {isa = PBXFileReference; lastKnownFileType = file.xib; name = Base; path = Base.lproj/MainMenu.xib; sourceTree = "<group>"; };
		B1228919243630A300FACD69 /* Info.plist */ = {isa = PBXFileReference; lastKnownFileType = text.plist.xml; path = Info.plist; sourceTree = "<group>"; };
		B122891A243630A300FACD69 /* Pingu.entitlements */ = {isa = PBXFileReference; lastKnownFileType = text.plist.entitlements; path = Pingu.entitlements; sourceTree = "<group>"; };
		B12289232436343100FACD69 /* Pingu.swift */ = {isa = PBXFileReference; lastKnownFileType = sourcecode.swift; path = Pingu.swift; sourceTree = "<group>"; };
		B12289262436377100FACD69 /* PingService.swift */ = {isa = PBXFileReference; lastKnownFileType = sourcecode.swift; path = PingService.swift; sourceTree = "<group>"; };
		B122892E2436421200FACD69 /* EventMonitor.swift */ = {isa = PBXFileReference; lastKnownFileType = sourcecode.swift; path = EventMonitor.swift; sourceTree = "<group>"; };
		B13AF1F724364BDD0054E1E5 /* PreferencesViewController.swift */ = {isa = PBXFileReference; lastKnownFileType = sourcecode.swift; path = PreferencesViewController.swift; sourceTree = "<group>"; };
		B13AF1F924364BEF0054E1E5 /* PreferencesViewController.xib */ = {isa = PBXFileReference; lastKnownFileType = file.xib; path = PreferencesViewController.xib; sourceTree = "<group>"; };
		B13AF1FC24365C350054E1E5 /* UserDefaults+Extensions.swift */ = {isa = PBXFileReference; lastKnownFileType = sourcecode.swift; path = "UserDefaults+Extensions.swift"; sourceTree = "<group>"; };
		B1477DF62438A935005BC84B /* Rescale.swift */ = {isa = PBXFileReference; lastKnownFileType = sourcecode.swift; path = Rescale.swift; sourceTree = "<group>"; };
		B1477DFA2438C0D5005BC84B /* HostMenuItemView.swift */ = {isa = PBXFileReference; lastKnownFileType = sourcecode.swift; path = HostMenuItemView.swift; sourceTree = "<group>"; };
		B1477DFC2438C0E2005BC84B /* HostMenuItemView.xib */ = {isa = PBXFileReference; lastKnownFileType = file.xib; path = HostMenuItemView.xib; sourceTree = "<group>"; };
		B15C172C2437639000F08119 /* HostMenuItem.swift */ = {isa = PBXFileReference; lastKnownFileType = sourcecode.swift; path = HostMenuItem.swift; sourceTree = "<group>"; };
		B15C172E24377B2000F08119 /* ChartView.swift */ = {isa = PBXFileReference; lastKnownFileType = sourcecode.swift; path = ChartView.swift; sourceTree = "<group>"; };
		B15C173324379C0000F08119 /* ChartBarView.swift */ = {isa = PBXFileReference; lastKnownFileType = sourcecode.swift; path = ChartBarView.swift; sourceTree = "<group>"; };
		B175895A243668ED0050C05E /* PingInterval.swift */ = {isa = PBXFileReference; lastKnownFileType = sourcecode.swift; path = PingInterval.swift; sourceTree = "<group>"; };
		B175895F24374BA30050C05E /* Host.swift */ = {isa = PBXFileReference; lastKnownFileType = sourcecode.swift; path = Host.swift; sourceTree = "<group>"; };
		B1758961243750940050C05E /* SavedHosts.swift */ = {isa = PBXFileReference; lastKnownFileType = sourcecode.swift; path = SavedHosts.swift; sourceTree = "<group>"; };
/* End PBXFileReference section */

/* Begin PBXFrameworksBuildPhase section */
		B122890C243630A300FACD69 /* Frameworks */ = {
			isa = PBXFrameworksBuildPhase;
			buildActionMask = 2147483647;
			files = (
				B15C1732243784AF00F08119 /* SnapKit in Frameworks */,
			);
			runOnlyForDeploymentPostprocessing = 0;
		};
/* End PBXFrameworksBuildPhase section */

/* Begin PBXGroup section */
		B1228906243630A300FACD69 = {
			isa = PBXGroup;
			children = (
				B1228911243630A300FACD69 /* Pingu */,
				B1228910243630A300FACD69 /* Products */,
			);
			sourceTree = "<group>";
		};
		B1228910243630A300FACD69 /* Products */ = {
			isa = PBXGroup;
			children = (
				B122890F243630A300FACD69 /* Pingu.app */,
			);
			name = Products;
			sourceTree = "<group>";
		};
		B1228911243630A300FACD69 /* Pingu */ = {
			isa = PBXGroup;
			children = (
				B1228920243630AF00FACD69 /* Source */,
				B13AF1FB24365C1E0054E1E5 /* Extensions */,
				B1228921243630BE00FACD69 /* Resources */,
				B1228922243630D300FACD69 /* Supporting Files */,
			);
			path = Pingu;
			sourceTree = "<group>";
		};
		B1228920243630AF00FACD69 /* Source */ = {
			isa = PBXGroup;
			children = (
				B1228912243630A300FACD69 /* AppDelegate.swift */,
				B12289232436343100FACD69 /* Pingu.swift */,
				B1477DF82438BFD1005BC84B /* Views */,
				B15C172B2437638300F08119 /* Misc */,
				B1758959243668E00050C05E /* Models */,
				B13AF1F624364BCA0054E1E5 /* View Controllers */,
				B12289252436375E00FACD69 /* Services */,
			);
			path = Source;
			sourceTree = "<group>";
		};
		B1228921243630BE00FACD69 /* Resources */ = {
			isa = PBXGroup;
			children = (
				B1228914243630A300FACD69 /* Assets.xcassets */,
			);
			path = Resources;
			sourceTree = "<group>";
		};
		B1228922243630D300FACD69 /* Supporting Files */ = {
			isa = PBXGroup;
			children = (
				B1228916243630A300FACD69 /* MainMenu.xib */,
				B1228919243630A300FACD69 /* Info.plist */,
				B122891A243630A300FACD69 /* Pingu.entitlements */,
			);
			path = "Supporting Files";
			sourceTree = "<group>";
		};
		B12289252436375E00FACD69 /* Services */ = {
			isa = PBXGroup;
			children = (
				B1228928243637D200FACD69 /* PingService */,
				B122892E2436421200FACD69 /* EventMonitor.swift */,
			);
			path = Services;
			sourceTree = "<group>";
		};
		B1228928243637D200FACD69 /* PingService */ = {
			isa = PBXGroup;
			children = (
				B12289262436377100FACD69 /* PingService.swift */,
			);
			path = PingService;
			sourceTree = "<group>";
		};
		B13AF1F624364BCA0054E1E5 /* View Controllers */ = {
			isa = PBXGroup;
			children = (
				B13AF1F724364BDD0054E1E5 /* PreferencesViewController.swift */,
				B13AF1F924364BEF0054E1E5 /* PreferencesViewController.xib */,
			);
			path = "View Controllers";
			sourceTree = "<group>";
		};
		B13AF1FB24365C1E0054E1E5 /* Extensions */ = {
			isa = PBXGroup;
			children = (
				B13AF1FC24365C350054E1E5 /* UserDefaults+Extensions.swift */,
			);
			path = Extensions;
			sourceTree = "<group>";
		};
		B1477DF82438BFD1005BC84B /* Views */ = {
			isa = PBXGroup;
			children = (
				B1477DF92438C0C7005BC84B /* HostMenuItemView */,
				B15C172E24377B2000F08119 /* ChartView.swift */,
				B15C173324379C0000F08119 /* ChartBarView.swift */,
			);
			path = Views;
			sourceTree = "<group>";
		};
		B1477DF92438C0C7005BC84B /* HostMenuItemView */ = {
			isa = PBXGroup;
			children = (
				B1477DFA2438C0D5005BC84B /* HostMenuItemView.swift */,
				B1477DFC2438C0E2005BC84B /* HostMenuItemView.xib */,
			);
			path = HostMenuItemView;
			sourceTree = "<group>";
		};
		B15C172B2437638300F08119 /* Misc */ = {
			isa = PBXGroup;
			children = (
				B15C172C2437639000F08119 /* HostMenuItem.swift */,
				B1477DF62438A935005BC84B /* Rescale.swift */,
			);
			path = Misc;
			sourceTree = "<group>";
		};
		B1758959243668E00050C05E /* Models */ = {
			isa = PBXGroup;
			children = (
				B175895A243668ED0050C05E /* PingInterval.swift */,
				B175895F24374BA30050C05E /* Host.swift */,
				B1758961243750940050C05E /* SavedHosts.swift */,
			);
			path = Models;
			sourceTree = "<group>";
		};
/* End PBXGroup section */

/* Begin PBXNativeTarget section */
		B122890E243630A300FACD69 /* Pingu */ = {
			isa = PBXNativeTarget;
			buildConfigurationList = B122891D243630A300FACD69 /* Build configuration list for PBXNativeTarget "Pingu" */;
			buildPhases = (
				B122890B243630A300FACD69 /* Sources */,
				B122890C243630A300FACD69 /* Frameworks */,
				B122890D243630A300FACD69 /* Resources */,
			);
			buildRules = (
			);
			dependencies = (
			);
			name = Pingu;
			packageProductDependencies = (
				B15C1731243784AF00F08119 /* SnapKit */,
			);
			productName = Pingu;
			productReference = B122890F243630A300FACD69 /* Pingu.app */;
			productType = "com.apple.product-type.application";
		};
/* End PBXNativeTarget section */

/* Begin PBXProject section */
		B1228907243630A300FACD69 /* Project object */ = {
			isa = PBXProject;
			attributes = {
				LastSwiftUpdateCheck = 1140;
				LastUpgradeCheck = 1140;
				ORGANIZATIONNAME = "Thanos Theodoridis";
				TargetAttributes = {
					B122890E243630A300FACD69 = {
						CreatedOnToolsVersion = 11.4;
					};
				};
			};
			buildConfigurationList = B122890A243630A300FACD69 /* Build configuration list for PBXProject "Pingu" */;
			compatibilityVersion = "Xcode 9.3";
			developmentRegion = en;
			hasScannedForEncodings = 0;
			knownRegions = (
				en,
				Base,
			);
			mainGroup = B1228906243630A300FACD69;
			packageReferences = (
				B15C1730243784AF00F08119 /* XCRemoteSwiftPackageReference "SnapKit" */,
			);
			productRefGroup = B1228910243630A300FACD69 /* Products */;
			projectDirPath = "";
			projectRoot = "";
			targets = (
				B122890E243630A300FACD69 /* Pingu */,
			);
		};
/* End PBXProject section */

/* Begin PBXResourcesBuildPhase section */
		B122890D243630A300FACD69 /* Resources */ = {
			isa = PBXResourcesBuildPhase;
			buildActionMask = 2147483647;
			files = (
				B1228915243630A300FACD69 /* Assets.xcassets in Resources */,
				B1228918243630A300FACD69 /* MainMenu.xib in Resources */,
				B1477DFD2438C0E2005BC84B /* HostMenuItemView.xib in Resources */,
				B13AF1FA24364BEF0054E1E5 /* PreferencesViewController.xib in Resources */,
			);
			runOnlyForDeploymentPostprocessing = 0;
		};
/* End PBXResourcesBuildPhase section */

/* Begin PBXSourcesBuildPhase section */
		B122890B243630A300FACD69 /* Sources */ = {
			isa = PBXSourcesBuildPhase;
			buildActionMask = 2147483647;
			files = (
				B175895B243668ED0050C05E /* PingInterval.swift in Sources */,
				B12289242436343100FACD69 /* Pingu.swift in Sources */,
				B122892F2436421200FACD69 /* EventMonitor.swift in Sources */,
				B15C172D2437639000F08119 /* HostMenuItem.swift in Sources */,
				B1228913243630A300FACD69 /* AppDelegate.swift in Sources */,
				B1758962243750940050C05E /* SavedHosts.swift in Sources */,
				B12289272436377100FACD69 /* PingService.swift in Sources */,
				B15C172F24377B2000F08119 /* ChartView.swift in Sources */,
				B175896024374BA30050C05E /* Host.swift in Sources */,
				B13AF1FD24365C350054E1E5 /* UserDefaults+Extensions.swift in Sources */,
				B1477DFB2438C0D5005BC84B /* HostMenuItemView.swift in Sources */,
				B13AF1F824364BDD0054E1E5 /* PreferencesViewController.swift in Sources */,
				B1477DF72438A935005BC84B /* Rescale.swift in Sources */,
				B15C173424379C0000F08119 /* ChartBarView.swift in Sources */,
			);
			runOnlyForDeploymentPostprocessing = 0;
		};
/* End PBXSourcesBuildPhase section */

/* Begin PBXVariantGroup section */
		B1228916243630A300FACD69 /* MainMenu.xib */ = {
			isa = PBXVariantGroup;
			children = (
				B1228917243630A300FACD69 /* Base */,
			);
			name = MainMenu.xib;
			sourceTree = "<group>";
		};
/* End PBXVariantGroup section */

/* Begin XCBuildConfiguration section */
		B122891B243630A300FACD69 /* Debug */ = {
			isa = XCBuildConfiguration;
			buildSettings = {
				ALWAYS_SEARCH_USER_PATHS = NO;
				CLANG_ANALYZER_NONNULL = YES;
				CLANG_ANALYZER_NUMBER_OBJECT_CONVERSION = YES_AGGRESSIVE;
				CLANG_CXX_LANGUAGE_STANDARD = "gnu++14";
				CLANG_CXX_LIBRARY = "libc++";
				CLANG_ENABLE_MODULES = YES;
				CLANG_ENABLE_OBJC_ARC = YES;
				CLANG_ENABLE_OBJC_WEAK = YES;
				CLANG_WARN_BLOCK_CAPTURE_AUTORELEASING = YES;
				CLANG_WARN_BOOL_CONVERSION = YES;
				CLANG_WARN_COMMA = YES;
				CLANG_WARN_CONSTANT_CONVERSION = YES;
				CLANG_WARN_DEPRECATED_OBJC_IMPLEMENTATIONS = YES;
				CLANG_WARN_DIRECT_OBJC_ISA_USAGE = YES_ERROR;
				CLANG_WARN_DOCUMENTATION_COMMENTS = YES;
				CLANG_WARN_EMPTY_BODY = YES;
				CLANG_WARN_ENUM_CONVERSION = YES;
				CLANG_WARN_INFINITE_RECURSION = YES;
				CLANG_WARN_INT_CONVERSION = YES;
				CLANG_WARN_NON_LITERAL_NULL_CONVERSION = YES;
				CLANG_WARN_OBJC_IMPLICIT_RETAIN_SELF = YES;
				CLANG_WARN_OBJC_LITERAL_CONVERSION = YES;
				CLANG_WARN_OBJC_ROOT_CLASS = YES_ERROR;
				CLANG_WARN_RANGE_LOOP_ANALYSIS = YES;
				CLANG_WARN_STRICT_PROTOTYPES = YES;
				CLANG_WARN_SUSPICIOUS_MOVE = YES;
				CLANG_WARN_UNGUARDED_AVAILABILITY = YES_AGGRESSIVE;
				CLANG_WARN_UNREACHABLE_CODE = YES;
				CLANG_WARN__DUPLICATE_METHOD_MATCH = YES;
				COPY_PHASE_STRIP = NO;
				DEBUG_INFORMATION_FORMAT = dwarf;
				ENABLE_STRICT_OBJC_MSGSEND = YES;
				ENABLE_TESTABILITY = YES;
				GCC_C_LANGUAGE_STANDARD = gnu11;
				GCC_DYNAMIC_NO_PIC = NO;
				GCC_NO_COMMON_BLOCKS = YES;
				GCC_OPTIMIZATION_LEVEL = 0;
				GCC_PREPROCESSOR_DEFINITIONS = (
					"DEBUG=1",
					"$(inherited)",
				);
				GCC_WARN_64_TO_32_BIT_CONVERSION = YES;
				GCC_WARN_ABOUT_RETURN_TYPE = YES_ERROR;
				GCC_WARN_UNDECLARED_SELECTOR = YES;
				GCC_WARN_UNINITIALIZED_AUTOS = YES_AGGRESSIVE;
				GCC_WARN_UNUSED_FUNCTION = YES;
				GCC_WARN_UNUSED_VARIABLE = YES;
				MACOSX_DEPLOYMENT_TARGET = 10.15;
				MTL_ENABLE_DEBUG_INFO = INCLUDE_SOURCE;
				MTL_FAST_MATH = YES;
				ONLY_ACTIVE_ARCH = YES;
				SDKROOT = macosx;
				SWIFT_ACTIVE_COMPILATION_CONDITIONS = DEBUG;
				SWIFT_OPTIMIZATION_LEVEL = "-Onone";
			};
			name = Debug;
		};
		B122891C243630A300FACD69 /* Release */ = {
			isa = XCBuildConfiguration;
			buildSettings = {
				ALWAYS_SEARCH_USER_PATHS = NO;
				CLANG_ANALYZER_NONNULL = YES;
				CLANG_ANALYZER_NUMBER_OBJECT_CONVERSION = YES_AGGRESSIVE;
				CLANG_CXX_LANGUAGE_STANDARD = "gnu++14";
				CLANG_CXX_LIBRARY = "libc++";
				CLANG_ENABLE_MODULES = YES;
				CLANG_ENABLE_OBJC_ARC = YES;
				CLANG_ENABLE_OBJC_WEAK = YES;
				CLANG_WARN_BLOCK_CAPTURE_AUTORELEASING = YES;
				CLANG_WARN_BOOL_CONVERSION = YES;
				CLANG_WARN_COMMA = YES;
				CLANG_WARN_CONSTANT_CONVERSION = YES;
				CLANG_WARN_DEPRECATED_OBJC_IMPLEMENTATIONS = YES;
				CLANG_WARN_DIRECT_OBJC_ISA_USAGE = YES_ERROR;
				CLANG_WARN_DOCUMENTATION_COMMENTS = YES;
				CLANG_WARN_EMPTY_BODY = YES;
				CLANG_WARN_ENUM_CONVERSION = YES;
				CLANG_WARN_INFINITE_RECURSION = YES;
				CLANG_WARN_INT_CONVERSION = YES;
				CLANG_WARN_NON_LITERAL_NULL_CONVERSION = YES;
				CLANG_WARN_OBJC_IMPLICIT_RETAIN_SELF = YES;
				CLANG_WARN_OBJC_LITERAL_CONVERSION = YES;
				CLANG_WARN_OBJC_ROOT_CLASS = YES_ERROR;
				CLANG_WARN_RANGE_LOOP_ANALYSIS = YES;
				CLANG_WARN_STRICT_PROTOTYPES = YES;
				CLANG_WARN_SUSPICIOUS_MOVE = YES;
				CLANG_WARN_UNGUARDED_AVAILABILITY = YES_AGGRESSIVE;
				CLANG_WARN_UNREACHABLE_CODE = YES;
				CLANG_WARN__DUPLICATE_METHOD_MATCH = YES;
				COPY_PHASE_STRIP = NO;
				DEBUG_INFORMATION_FORMAT = "dwarf-with-dsym";
				ENABLE_NS_ASSERTIONS = NO;
				ENABLE_STRICT_OBJC_MSGSEND = YES;
				GCC_C_LANGUAGE_STANDARD = gnu11;
				GCC_NO_COMMON_BLOCKS = YES;
				GCC_WARN_64_TO_32_BIT_CONVERSION = YES;
				GCC_WARN_ABOUT_RETURN_TYPE = YES_ERROR;
				GCC_WARN_UNDECLARED_SELECTOR = YES;
				GCC_WARN_UNINITIALIZED_AUTOS = YES_AGGRESSIVE;
				GCC_WARN_UNUSED_FUNCTION = YES;
				GCC_WARN_UNUSED_VARIABLE = YES;
				MACOSX_DEPLOYMENT_TARGET = 10.15;
				MTL_ENABLE_DEBUG_INFO = NO;
				MTL_FAST_MATH = YES;
				SDKROOT = macosx;
				SWIFT_COMPILATION_MODE = wholemodule;
				SWIFT_OPTIMIZATION_LEVEL = "-O";
			};
			name = Release;
		};
		B122891E243630A300FACD69 /* Debug */ = {
			isa = XCBuildConfiguration;
			buildSettings = {
				ASSETCATALOG_COMPILER_APPICON_NAME = AppIcon;
				CODE_SIGN_ENTITLEMENTS = "Pingu/Supporting Files/Pingu.entitlements";
				CODE_SIGN_IDENTITY = "-";
				CODE_SIGN_STYLE = Automatic;
				COMBINE_HIDPI_IMAGES = YES;
				DEVELOPMENT_TEAM = SEWZXLUE96;
				ENABLE_HARDENED_RUNTIME = YES;
				INFOPLIST_FILE = "Pingu/Supporting Files/Info.plist";
				LD_RUNPATH_SEARCH_PATHS = (
					"$(inherited)",
					"@executable_path/../Frameworks",
				);
				MACOSX_DEPLOYMENT_TARGET = 10.14;
				MARKETING_VERSION = 1.0.0;
				PRODUCT_BUNDLE_IDENTIFIER = com.attheodo.Pingu;
				PRODUCT_NAME = "$(TARGET_NAME)";
				SWIFT_VERSION = 5.0;
			};
			name = Debug;
		};
		B122891F243630A300FACD69 /* Release */ = {
			isa = XCBuildConfiguration;
			buildSettings = {
				ASSETCATALOG_COMPILER_APPICON_NAME = AppIcon;
				CODE_SIGN_ENTITLEMENTS = "Pingu/Supporting Files/Pingu.entitlements";
				CODE_SIGN_IDENTITY = "-";
				CODE_SIGN_STYLE = Automatic;
				COMBINE_HIDPI_IMAGES = YES;
				DEVELOPMENT_TEAM = SEWZXLUE96;
				ENABLE_HARDENED_RUNTIME = YES;
				INFOPLIST_FILE = "Pingu/Supporting Files/Info.plist";
				LD_RUNPATH_SEARCH_PATHS = (
					"$(inherited)",
					"@executable_path/../Frameworks",
				);
				MACOSX_DEPLOYMENT_TARGET = 10.14;
				MARKETING_VERSION = 1.0.0;
				PRODUCT_BUNDLE_IDENTIFIER = com.attheodo.Pingu;
				PRODUCT_NAME = "$(TARGET_NAME)";
				SWIFT_VERSION = 5.0;
			};
			name = Release;
		};
/* End XCBuildConfiguration section */

/* Begin XCConfigurationList section */
		B122890A243630A300FACD69 /* Build configuration list for PBXProject "Pingu" */ = {
			isa = XCConfigurationList;
			buildConfigurations = (
				B122891B243630A300FACD69 /* Debug */,
				B122891C243630A300FACD69 /* Release */,
			);
			defaultConfigurationIsVisible = 0;
			defaultConfigurationName = Release;
		};
		B122891D243630A300FACD69 /* Build configuration list for PBXNativeTarget "Pingu" */ = {
			isa = XCConfigurationList;
			buildConfigurations = (
				B122891E243630A300FACD69 /* Debug */,
				B122891F243630A300FACD69 /* Release */,
			);
			defaultConfigurationIsVisible = 0;
			defaultConfigurationName = Release;
		};
/* End XCConfigurationList section */

/* Begin XCRemoteSwiftPackageReference section */
		B15C1730243784AF00F08119 /* XCRemoteSwiftPackageReference "SnapKit" */ = {
			isa = XCRemoteSwiftPackageReference;
			repositoryURL = "https://github.com/SnapKit/SnapKit";
			requirement = {
				kind = upToNextMajorVersion;
				minimumVersion = 5.0.1;
			};
		};
/* End XCRemoteSwiftPackageReference section */

/* Begin XCSwiftPackageProductDependency section */
		B15C1731243784AF00F08119 /* SnapKit */ = {
			isa = XCSwiftPackageProductDependency;
			package = B15C1730243784AF00F08119 /* XCRemoteSwiftPackageReference "SnapKit" */;
			productName = SnapKit;
		};
/* End XCSwiftPackageProductDependency section */
	};
	rootObject = B1228907243630A300FACD69 /* Project object */;
}
